
Microsoft Visual Studio Solution File, Format Version 12.00
Project("{FAE04EC0-301F-11D3-BF4B-00C04F79EFBC}") = "FefuScheduleBot", "FefuScheduleBot\FefuScheduleBot.csproj", "{0D177C61-26BB-4EE5-B438-14950AD32667}"
EndProject
Global
	GlobalSection(SolutionConfigurationPlatforms) = preSolution
		Debug|Any CPU = Debug|Any CPU
		Release|Any CPU = Release|Any CPU
	EndGlobalSection
	GlobalSection(ProjectConfigurationPlatforms) = postSolution
		{0D177C61-26BB-4EE5-B438-14950AD32667}.Debug|Any CPU.ActiveCfg = Debug|Any CPU
		{0D177C61-26BB-4EE5-B438-14950AD32667}.Debug|Any CPU.Build.0 = Debug|Any CPU
		{0D177C61-26BB-4EE5-B438-14950AD32667}.Release|Any CPU.ActiveCfg = Release|Any CPU
		{0D177C61-26BB-4EE5-B438-14950AD32667}.Release|Any CPU.Build.0 = Release|Any CPU
	EndGlobalSection
EndGlobal
